
Microsoft Visual Studio Solution File, Format Version 12.00
# Visual Studio Version 17
VisualStudioVersion = 17.8.34330.188
MinimumVisualStudioVersion = 10.0.40219.1
Project("{FAE04EC0-301F-11D3-BF4B-00C04F79EFBC}") = "hw_6", "hw_6\hw_6.csproj", "{D1BDC1D5-2512-4824-BB28-722345E49696}"
EndProject
Global
	GlobalSection(SolutionConfigurationPlatforms) = preSolution
		Debug|Any CPU = Debug|Any CPU
		Release|Any CPU = Release|Any CPU
	EndGlobalSection
	GlobalSection(ProjectConfigurationPlatforms) = postSolution
		{D1BDC1D5-2512-4824-BB28-722345E49696}.Debug|Any CPU.ActiveCfg = Debug|Any CPU
		{D1BDC1D5-2512-4824-BB28-722345E49696}.Debug|Any CPU.Build.0 = Debug|Any CPU
		{D1BDC1D5-2512-4824-BB28-722345E49696}.Release|Any CPU.ActiveCfg = Release|Any CPU
		{D1BDC1D5-2512-4824-BB28-722345E49696}.Release|Any CPU.Build.0 = Release|Any CPU
	EndGlobalSection
	GlobalSection(SolutionProperties) = preSolution
		HideSolutionNode = FALSE
	EndGlobalSection
	GlobalSection(ExtensibilityGlobals) = postSolution
		SolutionGuid = {01E87380-C5FA-4F44-B4D4-7B206AEC316B}
	EndGlobalSection
EndGlobal
