
Microsoft Visual Studio Solution File, Format Version 12.00
# Visual Studio Version 17
VisualStudioVersion = 17.8.34330.188
MinimumVisualStudioVersion = 10.0.40219.1
Project("{FAE04EC0-301F-11D3-BF4B-00C04F79EFBC}") = "hw_5", "hw_5\hw_5.csproj", "{71653BD9-CBEA-4577-9EA6-B029DFF57DBA}"
EndProject
Global
	GlobalSection(SolutionConfigurationPlatforms) = preSolution
		Debug|Any CPU = Debug|Any CPU
		Release|Any CPU = Release|Any CPU
	EndGlobalSection
	GlobalSection(ProjectConfigurationPlatforms) = postSolution
		{71653BD9-CBEA-4577-9EA6-B029DFF57DBA}.Debug|Any CPU.ActiveCfg = Debug|Any CPU
		{71653BD9-CBEA-4577-9EA6-B029DFF57DBA}.Debug|Any CPU.Build.0 = Debug|Any CPU
		{71653BD9-CBEA-4577-9EA6-B029DFF57DBA}.Release|Any CPU.ActiveCfg = Release|Any CPU
		{71653BD9-CBEA-4577-9EA6-B029DFF57DBA}.Release|Any CPU.Build.0 = Release|Any CPU
	EndGlobalSection
	GlobalSection(SolutionProperties) = preSolution
		HideSolutionNode = FALSE
	EndGlobalSection
	GlobalSection(ExtensibilityGlobals) = postSolution
		SolutionGuid = {BE86E261-911C-4691-8169-1D716C7418B9}
	EndGlobalSection
EndGlobal
