
Microsoft Visual Studio Solution File, Format Version 12.00
Project("{FAE04EC0-301F-11D3-BF4B-00C04F79EFBC}") = "hw_1", "hw_1\hw_1.csproj", "{95D091D6-A01B-4934-8B0B-375E5E5114B9}"
EndProject
Global
	GlobalSection(SolutionConfigurationPlatforms) = preSolution
		Debug|Any CPU = Debug|Any CPU
		Release|Any CPU = Release|Any CPU
	EndGlobalSection
	GlobalSection(ProjectConfigurationPlatforms) = postSolution
		{95D091D6-A01B-4934-8B0B-375E5E5114B9}.Debug|Any CPU.ActiveCfg = Debug|Any CPU
		{95D091D6-A01B-4934-8B0B-375E5E5114B9}.Debug|Any CPU.Build.0 = Debug|Any CPU
		{95D091D6-A01B-4934-8B0B-375E5E5114B9}.Release|Any CPU.ActiveCfg = Release|Any CPU
		{95D091D6-A01B-4934-8B0B-375E5E5114B9}.Release|Any CPU.Build.0 = Release|Any CPU
	EndGlobalSection
EndGlobal
