
Microsoft Visual Studio Solution File, Format Version 12.00
# Visual Studio Version 17
VisualStudioVersion = 17.8.34330.188
MinimumVisualStudioVersion = 10.0.40219.1
Project("{FAE04EC0-301F-11D3-BF4B-00C04F79EFBC}") = "hw_2", "hw_2\hw_2.csproj", "{02B57C56-BC8F-45F1-8B97-8BCAA731E970}"
EndProject
Project("{FAE04EC0-301F-11D3-BF4B-00C04F79EFBC}") = "hw_2_2", "hw_2_2\hw_2_2.csproj", "{5B25C122-1952-4627-B1C7-2AE7DA8B0634}"
EndProject
Global
	GlobalSection(SolutionConfigurationPlatforms) = preSolution
		Debug|Any CPU = Debug|Any CPU
		Release|Any CPU = Release|Any CPU
	EndGlobalSection
	GlobalSection(ProjectConfigurationPlatforms) = postSolution
		{02B57C56-BC8F-45F1-8B97-8BCAA731E970}.Debug|Any CPU.ActiveCfg = Debug|Any CPU
		{02B57C56-BC8F-45F1-8B97-8BCAA731E970}.Debug|Any CPU.Build.0 = Debug|Any CPU
		{02B57C56-BC8F-45F1-8B97-8BCAA731E970}.Release|Any CPU.ActiveCfg = Release|Any CPU
		{02B57C56-BC8F-45F1-8B97-8BCAA731E970}.Release|Any CPU.Build.0 = Release|Any CPU
		{5B25C122-1952-4627-B1C7-2AE7DA8B0634}.Debug|Any CPU.ActiveCfg = Debug|Any CPU
		{5B25C122-1952-4627-B1C7-2AE7DA8B0634}.Debug|Any CPU.Build.0 = Debug|Any CPU
		{5B25C122-1952-4627-B1C7-2AE7DA8B0634}.Release|Any CPU.ActiveCfg = Release|Any CPU
		{5B25C122-1952-4627-B1C7-2AE7DA8B0634}.Release|Any CPU.Build.0 = Release|Any CPU
	EndGlobalSection
	GlobalSection(SolutionProperties) = preSolution
		HideSolutionNode = FALSE
	EndGlobalSection
	GlobalSection(ExtensibilityGlobals) = postSolution
		SolutionGuid = {D0C72181-1D46-4D8F-8B1B-BD60B711B419}
	EndGlobalSection
EndGlobal
