
Microsoft Visual Studio Solution File, Format Version 12.00
# Visual Studio Version 17
VisualStudioVersion = 17.8.34330.188
MinimumVisualStudioVersion = 10.0.40219.1
Project("{FAE04EC0-301F-11D3-BF4B-00C04F79EFBC}") = "Server", "lesson_3\Server.csproj", "{9EB48F08-9768-4BA7-A1FD-D087427A6090}"
EndProject
Project("{FAE04EC0-301F-11D3-BF4B-00C04F79EFBC}") = "Client", "Client\Client.csproj", "{1CA11364-1755-4E53-81CB-700E7B315A67}"
EndProject
Global
	GlobalSection(SolutionConfigurationPlatforms) = preSolution
		Debug|Any CPU = Debug|Any CPU
		Release|Any CPU = Release|Any CPU
	EndGlobalSection
	GlobalSection(ProjectConfigurationPlatforms) = postSolution
		{9EB48F08-9768-4BA7-A1FD-D087427A6090}.Debug|Any CPU.ActiveCfg = Debug|Any CPU
		{9EB48F08-9768-4BA7-A1FD-D087427A6090}.Debug|Any CPU.Build.0 = Debug|Any CPU
		{9EB48F08-9768-4BA7-A1FD-D087427A6090}.Release|Any CPU.ActiveCfg = Release|Any CPU
		{9EB48F08-9768-4BA7-A1FD-D087427A6090}.Release|Any CPU.Build.0 = Release|Any CPU
		{1CA11364-1755-4E53-81CB-700E7B315A67}.Debug|Any CPU.ActiveCfg = Debug|Any CPU
		{1CA11364-1755-4E53-81CB-700E7B315A67}.Debug|Any CPU.Build.0 = Debug|Any CPU
		{1CA11364-1755-4E53-81CB-700E7B315A67}.Release|Any CPU.ActiveCfg = Release|Any CPU
		{1CA11364-1755-4E53-81CB-700E7B315A67}.Release|Any CPU.Build.0 = Release|Any CPU
	EndGlobalSection
	GlobalSection(SolutionProperties) = preSolution
		HideSolutionNode = FALSE
	EndGlobalSection
	GlobalSection(ExtensibilityGlobals) = postSolution
		SolutionGuid = {61C11A5C-A0CE-47BB-A1DE-D408F64D8922}
	EndGlobalSection
EndGlobal
