
Microsoft Visual Studio Solution File, Format Version 12.00
# Visual Studio Version 17
VisualStudioVersion = 17.8.34330.188
MinimumVisualStudioVersion = 10.0.40219.1
Project("{FAE04EC0-301F-11D3-BF4B-00C04F79EFBC}") = "hw_3", "hw_3\hw_3.csproj", "{AFE013F6-77D3-4E8A-98C0-437552262B10}"
EndProject
Global
	GlobalSection(SolutionConfigurationPlatforms) = preSolution
		Debug|Any CPU = Debug|Any CPU
		Release|Any CPU = Release|Any CPU
	EndGlobalSection
	GlobalSection(ProjectConfigurationPlatforms) = postSolution
		{AFE013F6-77D3-4E8A-98C0-437552262B10}.Debug|Any CPU.ActiveCfg = Debug|Any CPU
		{AFE013F6-77D3-4E8A-98C0-437552262B10}.Debug|Any CPU.Build.0 = Debug|Any CPU
		{AFE013F6-77D3-4E8A-98C0-437552262B10}.Release|Any CPU.ActiveCfg = Release|Any CPU
		{AFE013F6-77D3-4E8A-98C0-437552262B10}.Release|Any CPU.Build.0 = Release|Any CPU
	EndGlobalSection
	GlobalSection(SolutionProperties) = preSolution
		HideSolutionNode = FALSE
	EndGlobalSection
	GlobalSection(ExtensibilityGlobals) = postSolution
		SolutionGuid = {23EC6A91-4198-45DC-A2BD-E8B98DE89828}
	EndGlobalSection
EndGlobal
