
Microsoft Visual Studio Solution File, Format Version 12.00
# Visual Studio Version 17
VisualStudioVersion = 17.8.34330.188
MinimumVisualStudioVersion = 10.0.40219.1
Project("{FAE04EC0-301F-11D3-BF4B-00C04F79EFBC}") = "lesson_8", "lesson_8\lesson_8.csproj", "{CD631C59-0557-4EEE-B132-DA4C58CBD264}"
EndProject
Global
	GlobalSection(SolutionConfigurationPlatforms) = preSolution
		Debug|Any CPU = Debug|Any CPU
		Release|Any CPU = Release|Any CPU
	EndGlobalSection
	GlobalSection(ProjectConfigurationPlatforms) = postSolution
		{CD631C59-0557-4EEE-B132-DA4C58CBD264}.Debug|Any CPU.ActiveCfg = Debug|Any CPU
		{CD631C59-0557-4EEE-B132-DA4C58CBD264}.Debug|Any CPU.Build.0 = Debug|Any CPU
		{CD631C59-0557-4EEE-B132-DA4C58CBD264}.Release|Any CPU.ActiveCfg = Release|Any CPU
		{CD631C59-0557-4EEE-B132-DA4C58CBD264}.Release|Any CPU.Build.0 = Release|Any CPU
	EndGlobalSection
	GlobalSection(SolutionProperties) = preSolution
		HideSolutionNode = FALSE
	EndGlobalSection
	GlobalSection(ExtensibilityGlobals) = postSolution
		SolutionGuid = {28A913DC-6D51-4B95-8675-96D3C0EFE18C}
	EndGlobalSection
EndGlobal
