
Microsoft Visual Studio Solution File, Format Version 12.00
# Visual Studio Version 17
VisualStudioVersion = 17.7.34221.43
MinimumVisualStudioVersion = 10.0.40219.1
Project("{8BC9CEB8-8B4A-11D0-8D11-00A0C91BC942}") = "lesson 34", "lesson 34\lesson 34.vcxproj", "{A301F4AF-F58B-4C10-BE0D-E07F66F8D773}"
EndProject
Global
	GlobalSection(SolutionConfigurationPlatforms) = preSolution
		Debug|x64 = Debug|x64
		Debug|x86 = Debug|x86
		Release|x64 = Release|x64
		Release|x86 = Release|x86
	EndGlobalSection
	GlobalSection(ProjectConfigurationPlatforms) = postSolution
		{A301F4AF-F58B-4C10-BE0D-E07F66F8D773}.Debug|x64.ActiveCfg = Debug|x64
		{A301F4AF-F58B-4C10-BE0D-E07F66F8D773}.Debug|x64.Build.0 = Debug|x64
		{A301F4AF-F58B-4C10-BE0D-E07F66F8D773}.Debug|x86.ActiveCfg = Debug|Win32
		{A301F4AF-F58B-4C10-BE0D-E07F66F8D773}.Debug|x86.Build.0 = Debug|Win32
		{A301F4AF-F58B-4C10-BE0D-E07F66F8D773}.Release|x64.ActiveCfg = Release|x64
		{A301F4AF-F58B-4C10-BE0D-E07F66F8D773}.Release|x64.Build.0 = Release|x64
		{A301F4AF-F58B-4C10-BE0D-E07F66F8D773}.Release|x86.ActiveCfg = Release|Win32
		{A301F4AF-F58B-4C10-BE0D-E07F66F8D773}.Release|x86.Build.0 = Release|Win32
	EndGlobalSection
	GlobalSection(SolutionProperties) = preSolution
		HideSolutionNode = FALSE
	EndGlobalSection
	GlobalSection(ExtensibilityGlobals) = postSolution
		SolutionGuid = {B5BD36D4-D3C8-4C1F-9498-7B1568A64C35}
	EndGlobalSection
EndGlobal
