
Microsoft Visual Studio Solution File, Format Version 12.00
# Visual Studio Version 17
VisualStudioVersion = 17.0.31919.166
MinimumVisualStudioVersion = 10.0.40219.1
Project("{9A19103F-16F7-4668-BE54-9A1E7A4F7556}") = "WA_les_8_EF_4", "WA_les_8_EF_4.csproj", "{DCE414A3-48FF-4A08-93F8-F102672C753A}"
EndProject
Global
	GlobalSection(SolutionConfigurationPlatforms) = preSolution
		Debug|Any CPU = Debug|Any CPU
		Release|Any CPU = Release|Any CPU
	EndGlobalSection
	GlobalSection(ProjectConfigurationPlatforms) = postSolution
		{DCE414A3-48FF-4A08-93F8-F102672C753A}.Debug|Any CPU.ActiveCfg = Debug|Any CPU
		{DCE414A3-48FF-4A08-93F8-F102672C753A}.Debug|Any CPU.Build.0 = Debug|Any CPU
		{DCE414A3-48FF-4A08-93F8-F102672C753A}.Release|Any CPU.ActiveCfg = Release|Any CPU
		{DCE414A3-48FF-4A08-93F8-F102672C753A}.Release|Any CPU.Build.0 = Release|Any CPU
	EndGlobalSection
	GlobalSection(SolutionProperties) = preSolution
		HideSolutionNode = FALSE
	EndGlobalSection
	GlobalSection(ExtensibilityGlobals) = postSolution
		SolutionGuid = {3087B0A5-29C7-4394-9E97-D753324933CE}
	EndGlobalSection
EndGlobal
