
Microsoft Visual Studio Solution File, Format Version 12.00
# Visual Studio Version 17
VisualStudioVersion = 17.8.34330.188
MinimumVisualStudioVersion = 10.0.40219.1
Project("{FAE04EC0-301F-11D3-BF4B-00C04F79EFBC}") = "ExamWeatherApi", "ExamWeatherApi\ExamWeatherApi.csproj", "{D78EA50E-45CB-4425-B237-9FBE4BCECD79}"
EndProject
Global
	GlobalSection(SolutionConfigurationPlatforms) = preSolution
		Debug|Any CPU = Debug|Any CPU
		Release|Any CPU = Release|Any CPU
	EndGlobalSection
	GlobalSection(ProjectConfigurationPlatforms) = postSolution
		{D78EA50E-45CB-4425-B237-9FBE4BCECD79}.Debug|Any CPU.ActiveCfg = Debug|Any CPU
		{D78EA50E-45CB-4425-B237-9FBE4BCECD79}.Debug|Any CPU.Build.0 = Debug|Any CPU
		{D78EA50E-45CB-4425-B237-9FBE4BCECD79}.Release|Any CPU.ActiveCfg = Release|Any CPU
		{D78EA50E-45CB-4425-B237-9FBE4BCECD79}.Release|Any CPU.Build.0 = Release|Any CPU
	EndGlobalSection
	GlobalSection(SolutionProperties) = preSolution
		HideSolutionNode = FALSE
	EndGlobalSection
	GlobalSection(ExtensibilityGlobals) = postSolution
		SolutionGuid = {8CE517D8-5A7E-4492-8B25-06FEDDADC670}
	EndGlobalSection
EndGlobal
