
Microsoft Visual Studio Solution File, Format Version 12.00
Project("{FAE04EC0-301F-11D3-BF4B-00C04F79EFBC}") = "lb_2", "lb_2\lb_2.csproj", "{ABB4376D-F5D8-4385-9C2B-18B0D42E9A22}"
EndProject
Global
	GlobalSection(SolutionConfigurationPlatforms) = preSolution
		Debug|Any CPU = Debug|Any CPU
		Release|Any CPU = Release|Any CPU
	EndGlobalSection
	GlobalSection(ProjectConfigurationPlatforms) = postSolution
		{ABB4376D-F5D8-4385-9C2B-18B0D42E9A22}.Debug|Any CPU.ActiveCfg = Debug|Any CPU
		{ABB4376D-F5D8-4385-9C2B-18B0D42E9A22}.Debug|Any CPU.Build.0 = Debug|Any CPU
		{ABB4376D-F5D8-4385-9C2B-18B0D42E9A22}.Release|Any CPU.ActiveCfg = Release|Any CPU
		{ABB4376D-F5D8-4385-9C2B-18B0D42E9A22}.Release|Any CPU.Build.0 = Release|Any CPU
	EndGlobalSection
EndGlobal
