
Microsoft Visual Studio Solution File, Format Version 12.00
# Visual Studio Version 17
VisualStudioVersion = 17.8.34330.188
MinimumVisualStudioVersion = 10.0.40219.1
Project("{FAE04EC0-301F-11D3-BF4B-00C04F79EFBC}") = "lesson_3", "lesson_3\lesson_3.csproj", "{D9FF129C-960B-413D-930A-1E905BD0759C}"
EndProject
Global
	GlobalSection(SolutionConfigurationPlatforms) = preSolution
		Debug|Any CPU = Debug|Any CPU
		Release|Any CPU = Release|Any CPU
	EndGlobalSection
	GlobalSection(ProjectConfigurationPlatforms) = postSolution
		{D9FF129C-960B-413D-930A-1E905BD0759C}.Debug|Any CPU.ActiveCfg = Debug|Any CPU
		{D9FF129C-960B-413D-930A-1E905BD0759C}.Debug|Any CPU.Build.0 = Debug|Any CPU
		{D9FF129C-960B-413D-930A-1E905BD0759C}.Release|Any CPU.ActiveCfg = Release|Any CPU
		{D9FF129C-960B-413D-930A-1E905BD0759C}.Release|Any CPU.Build.0 = Release|Any CPU
	EndGlobalSection
	GlobalSection(SolutionProperties) = preSolution
		HideSolutionNode = FALSE
	EndGlobalSection
	GlobalSection(ExtensibilityGlobals) = postSolution
		SolutionGuid = {A6122E08-9D71-478F-9592-1AF3F7932ED9}
	EndGlobalSection
EndGlobal
